
Microsoft Visual Studio Solution File, Format Version 12.00
# Visual Studio Version 16
VisualStudioVersion = 16.0.810.16
MinimumVisualStudioVersion = 10.0.40219.1
Project("{FAE04EC0-301F-11D3-BF4B-00C04F79EFBC}") = "AndroidNativeTest", "AndroidNativeTest\AndroidNativeTest.csproj", "{1CDF93FB-FB0C-440A-8D7D-19AE705F47D7}"
EndProject
Project("{FAE04EC0-301F-11D3-BF4B-00C04F79EFBC}") = "AndroidBniding", "AndroidBniding\AndroidBniding.csproj", "{BB28774C-5645-4C0F-B3C4-F3AC7C3D9153}"
EndProject
Global
	GlobalSection(SolutionConfigurationPlatforms) = preSolution
		Debug|Any CPU = Debug|Any CPU
		Release|Any CPU = Release|Any CPU
	EndGlobalSection
	GlobalSection(ProjectConfigurationPlatforms) = postSolution
		{1CDF93FB-FB0C-440A-8D7D-19AE705F47D7}.Debug|Any CPU.ActiveCfg = Debug|Any CPU
		{1CDF93FB-FB0C-440A-8D7D-19AE705F47D7}.Debug|Any CPU.Build.0 = Debug|Any CPU
		{1CDF93FB-FB0C-440A-8D7D-19AE705F47D7}.Release|Any CPU.ActiveCfg = Release|Any CPU
		{1CDF93FB-FB0C-440A-8D7D-19AE705F47D7}.Release|Any CPU.Build.0 = Release|Any CPU
		{BB28774C-5645-4C0F-B3C4-F3AC7C3D9153}.Debug|Any CPU.ActiveCfg = Debug|Any CPU
		{BB28774C-5645-4C0F-B3C4-F3AC7C3D9153}.Debug|Any CPU.Build.0 = Debug|Any CPU
		{BB28774C-5645-4C0F-B3C4-F3AC7C3D9153}.Release|Any CPU.ActiveCfg = Release|Any CPU
		{BB28774C-5645-4C0F-B3C4-F3AC7C3D9153}.Release|Any CPU.Build.0 = Release|Any CPU
	EndGlobalSection
	GlobalSection(SolutionProperties) = preSolution
		HideSolutionNode = FALSE
	EndGlobalSection
	GlobalSection(ExtensibilityGlobals) = postSolution
		SolutionGuid = {48A74656-5556-470D-AFD8-FABC3EF44018}
	EndGlobalSection
EndGlobal
